
Microsoft Visual Studio Solution File, Format Version 12.00
Project("{FAE04EC0-301F-11D3-BF4B-00C04F79EFBC}") = "dailyTasks", "dailyTasks\dailyTasks.csproj", "{D49DCD2C-7BAB-4B17-9F95-2EE26C18A38E}"
EndProject
Global
	GlobalSection(SolutionConfigurationPlatforms) = preSolution
		Debug|Any CPU = Debug|Any CPU
		Release|Any CPU = Release|Any CPU
	EndGlobalSection
	GlobalSection(ProjectConfigurationPlatforms) = postSolution
		{D49DCD2C-7BAB-4B17-9F95-2EE26C18A38E}.Debug|Any CPU.ActiveCfg = Debug|Any CPU
		{D49DCD2C-7BAB-4B17-9F95-2EE26C18A38E}.Debug|Any CPU.Build.0 = Debug|Any CPU
		{D49DCD2C-7BAB-4B17-9F95-2EE26C18A38E}.Release|Any CPU.ActiveCfg = Release|Any CPU
		{D49DCD2C-7BAB-4B17-9F95-2EE26C18A38E}.Release|Any CPU.Build.0 = Release|Any CPU
	EndGlobalSection
EndGlobal
